
Microsoft Visual Studio Solution File, Format Version 12.00
# Visual Studio 15
VisualStudioVersion = 15.0.26124.0
MinimumVisualStudioVersion = 15.0.26124.0
Project("{FAE04EC0-301F-11D3-BF4B-00C04F79EFBC}") = "Domain", "Domain\Domain.csproj", "{0971C3E2-6D19-4FA7-9C51-D66DD116E8D0}"
EndProject
Project("{FAE04EC0-301F-11D3-BF4B-00C04F79EFBC}") = "Application", "Application\Application.csproj", "{78BE4EE4-58B6-4A62-8239-E10AB2EF890F}"
EndProject
Project("{FAE04EC0-301F-11D3-BF4B-00C04F79EFBC}") = "Persistence", "Persistence\Persistence.csproj", "{FC1C5BAB-B2D9-483C-B83B-62CD1ED7E608}"
EndProject
Project("{FAE04EC0-301F-11D3-BF4B-00C04F79EFBC}") = "API", "API\API.csproj", "{04805DEC-7854-4A7B-AFDE-BDE271F3D9F7}"
EndProject
Global
	GlobalSection(SolutionConfigurationPlatforms) = preSolution
		Debug|Any CPU = Debug|Any CPU
		Debug|x64 = Debug|x64
		Debug|x86 = Debug|x86
		Release|Any CPU = Release|Any CPU
		Release|x64 = Release|x64
		Release|x86 = Release|x86
	EndGlobalSection
	GlobalSection(SolutionProperties) = preSolution
		HideSolutionNode = FALSE
	EndGlobalSection
	GlobalSection(ProjectConfigurationPlatforms) = postSolution
		{0971C3E2-6D19-4FA7-9C51-D66DD116E8D0}.Debug|Any CPU.ActiveCfg = Debug|Any CPU
		{0971C3E2-6D19-4FA7-9C51-D66DD116E8D0}.Debug|Any CPU.Build.0 = Debug|Any CPU
		{0971C3E2-6D19-4FA7-9C51-D66DD116E8D0}.Debug|x64.ActiveCfg = Debug|Any CPU
		{0971C3E2-6D19-4FA7-9C51-D66DD116E8D0}.Debug|x64.Build.0 = Debug|Any CPU
		{0971C3E2-6D19-4FA7-9C51-D66DD116E8D0}.Debug|x86.ActiveCfg = Debug|Any CPU
		{0971C3E2-6D19-4FA7-9C51-D66DD116E8D0}.Debug|x86.Build.0 = Debug|Any CPU
		{0971C3E2-6D19-4FA7-9C51-D66DD116E8D0}.Release|Any CPU.ActiveCfg = Release|Any CPU
		{0971C3E2-6D19-4FA7-9C51-D66DD116E8D0}.Release|Any CPU.Build.0 = Release|Any CPU
		{0971C3E2-6D19-4FA7-9C51-D66DD116E8D0}.Release|x64.ActiveCfg = Release|Any CPU
		{0971C3E2-6D19-4FA7-9C51-D66DD116E8D0}.Release|x64.Build.0 = Release|Any CPU
		{0971C3E2-6D19-4FA7-9C51-D66DD116E8D0}.Release|x86.ActiveCfg = Release|Any CPU
		{0971C3E2-6D19-4FA7-9C51-D66DD116E8D0}.Release|x86.Build.0 = Release|Any CPU
		{78BE4EE4-58B6-4A62-8239-E10AB2EF890F}.Debug|Any CPU.ActiveCfg = Debug|Any CPU
		{78BE4EE4-58B6-4A62-8239-E10AB2EF890F}.Debug|Any CPU.Build.0 = Debug|Any CPU
		{78BE4EE4-58B6-4A62-8239-E10AB2EF890F}.Debug|x64.ActiveCfg = Debug|Any CPU
		{78BE4EE4-58B6-4A62-8239-E10AB2EF890F}.Debug|x64.Build.0 = Debug|Any CPU
		{78BE4EE4-58B6-4A62-8239-E10AB2EF890F}.Debug|x86.ActiveCfg = Debug|Any CPU
		{78BE4EE4-58B6-4A62-8239-E10AB2EF890F}.Debug|x86.Build.0 = Debug|Any CPU
		{78BE4EE4-58B6-4A62-8239-E10AB2EF890F}.Release|Any CPU.ActiveCfg = Release|Any CPU
		{78BE4EE4-58B6-4A62-8239-E10AB2EF890F}.Release|Any CPU.Build.0 = Release|Any CPU
		{78BE4EE4-58B6-4A62-8239-E10AB2EF890F}.Release|x64.ActiveCfg = Release|Any CPU
		{78BE4EE4-58B6-4A62-8239-E10AB2EF890F}.Release|x64.Build.0 = Release|Any CPU
		{78BE4EE4-58B6-4A62-8239-E10AB2EF890F}.Release|x86.ActiveCfg = Release|Any CPU
		{78BE4EE4-58B6-4A62-8239-E10AB2EF890F}.Release|x86.Build.0 = Release|Any CPU
		{FC1C5BAB-B2D9-483C-B83B-62CD1ED7E608}.Debug|Any CPU.ActiveCfg = Debug|Any CPU
		{FC1C5BAB-B2D9-483C-B83B-62CD1ED7E608}.Debug|Any CPU.Build.0 = Debug|Any CPU
		{FC1C5BAB-B2D9-483C-B83B-62CD1ED7E608}.Debug|x64.ActiveCfg = Debug|Any CPU
		{FC1C5BAB-B2D9-483C-B83B-62CD1ED7E608}.Debug|x64.Build.0 = Debug|Any CPU
		{FC1C5BAB-B2D9-483C-B83B-62CD1ED7E608}.Debug|x86.ActiveCfg = Debug|Any CPU
		{FC1C5BAB-B2D9-483C-B83B-62CD1ED7E608}.Debug|x86.Build.0 = Debug|Any CPU
		{FC1C5BAB-B2D9-483C-B83B-62CD1ED7E608}.Release|Any CPU.ActiveCfg = Release|Any CPU
		{FC1C5BAB-B2D9-483C-B83B-62CD1ED7E608}.Release|Any CPU.Build.0 = Release|Any CPU
		{FC1C5BAB-B2D9-483C-B83B-62CD1ED7E608}.Release|x64.ActiveCfg = Release|Any CPU
		{FC1C5BAB-B2D9-483C-B83B-62CD1ED7E608}.Release|x64.Build.0 = Release|Any CPU
		{FC1C5BAB-B2D9-483C-B83B-62CD1ED7E608}.Release|x86.ActiveCfg = Release|Any CPU
		{FC1C5BAB-B2D9-483C-B83B-62CD1ED7E608}.Release|x86.Build.0 = Release|Any CPU
		{04805DEC-7854-4A7B-AFDE-BDE271F3D9F7}.Debug|Any CPU.ActiveCfg = Debug|Any CPU
		{04805DEC-7854-4A7B-AFDE-BDE271F3D9F7}.Debug|Any CPU.Build.0 = Debug|Any CPU
		{04805DEC-7854-4A7B-AFDE-BDE271F3D9F7}.Debug|x64.ActiveCfg = Debug|Any CPU
		{04805DEC-7854-4A7B-AFDE-BDE271F3D9F7}.Debug|x64.Build.0 = Debug|Any CPU
		{04805DEC-7854-4A7B-AFDE-BDE271F3D9F7}.Debug|x86.ActiveCfg = Debug|Any CPU
		{04805DEC-7854-4A7B-AFDE-BDE271F3D9F7}.Debug|x86.Build.0 = Debug|Any CPU
		{04805DEC-7854-4A7B-AFDE-BDE271F3D9F7}.Release|Any CPU.ActiveCfg = Release|Any CPU
		{04805DEC-7854-4A7B-AFDE-BDE271F3D9F7}.Release|Any CPU.Build.0 = Release|Any CPU
		{04805DEC-7854-4A7B-AFDE-BDE271F3D9F7}.Release|x64.ActiveCfg = Release|Any CPU
		{04805DEC-7854-4A7B-AFDE-BDE271F3D9F7}.Release|x64.Build.0 = Release|Any CPU
		{04805DEC-7854-4A7B-AFDE-BDE271F3D9F7}.Release|x86.ActiveCfg = Release|Any CPU
		{04805DEC-7854-4A7B-AFDE-BDE271F3D9F7}.Release|x86.Build.0 = Release|Any CPU
	EndGlobalSection
EndGlobal
